
Microsoft Visual Studio Solution File, Format Version 12.00
# Visual Studio Version 17
VisualStudioVersion = 17.5.002.0
MinimumVisualStudioVersion = 10.0.40219.1
Project("{9A19103F-16F7-4668-BE54-9A1E7A4F7556}") = "PrimeFactorCalculator", "PrimeFactorCalculator.csproj", "{93EB5DF5-FABE-4961-980D-CA30B9986BFB}"
EndProject
Global
	GlobalSection(SolutionConfigurationPlatforms) = preSolution
		Debug|Any CPU = Debug|Any CPU
		Release|Any CPU = Release|Any CPU
	EndGlobalSection
	GlobalSection(ProjectConfigurationPlatforms) = postSolution
		{93EB5DF5-FABE-4961-980D-CA30B9986BFB}.Debug|Any CPU.ActiveCfg = Debug|Any CPU
		{93EB5DF5-FABE-4961-980D-CA30B9986BFB}.Debug|Any CPU.Build.0 = Debug|Any CPU
		{93EB5DF5-FABE-4961-980D-CA30B9986BFB}.Release|Any CPU.ActiveCfg = Release|Any CPU
		{93EB5DF5-FABE-4961-980D-CA30B9986BFB}.Release|Any CPU.Build.0 = Release|Any CPU
	EndGlobalSection
	GlobalSection(SolutionProperties) = preSolution
		HideSolutionNode = FALSE
	EndGlobalSection
	GlobalSection(ExtensibilityGlobals) = postSolution
		SolutionGuid = {B6E61E19-4559-4F8B-8790-25178F0F9933}
	EndGlobalSection
EndGlobal
